// !$*UTF8*$!
{
	archiveVersion = 1;
	classes = {
	};
	objectVersion = 77;
	objects = {

/* Begin PBXBuildFile section */
		1C91440CDDB48CEC0124E46B /* Pods_MovieBank.framework in Frameworks */ = {isa = PBXBuildFile; fileRef = 36CC4556922DF38838D6434F /* Pods_MovieBank.framework */; };
		204390C36FEE0EE6CA7D1413 /* Pods_MovieBank_MovieBankUITests.framework in Frameworks */ = {isa = PBXBuildFile; fileRef = 69B832F6E060DA6E8EB31874 /* Pods_MovieBank_MovieBankUITests.framework */; };
		24A6545C1DCFDFE86DC90718 /* Pods_MovieBankTests.framework in Frameworks */ = {isa = PBXBuildFile; fileRef = 6C1E1A38847372CA672AA314 /* Pods_MovieBankTests.framework */; };
/* End PBXBuildFile section */

/* Begin PBXContainerItemProxy section */
		FC0372822F221E7A0025D631 /* PBXContainerItemProxy */ = {
			isa = PBXContainerItemProxy;
			containerPortal = FC0372632F221E780025D631 /* Project object */;
			proxyType = 1;
			remoteGlobalIDString = FC03726A2F221E780025D631;
			remoteInfo = moviebank;
		};
		FC03728C2F221E7A0025D631 /* PBXContainerItemProxy */ = {
			isa = PBXContainerItemProxy;
			containerPortal = FC0372632F221E780025D631 /* Project object */;
			proxyType = 1;
			remoteGlobalIDString = FC03726A2F221E780025D631;
			remoteInfo = moviebank;
		};
/* End PBXContainerItemProxy section */

/* Begin PBXFileReference section */
		0336F9C92FE9A8AC49238E2E /* Pods-MovieBankTests.debug.xcconfig */ = {isa = PBXFileReference; includeInIndex = 1; lastKnownFileType = text.xcconfig; name = "Pods-MovieBankTests.debug.xcconfig"; path = "Target Support Files/Pods-MovieBankTests/Pods-MovieBankTests.debug.xcconfig"; sourceTree = "<group>"; };
		1B28387C5E445AE0FB3D5AEA /* Pods-MovieBank.release.xcconfig */ = {isa = PBXFileReference; includeInIndex = 1; lastKnownFileType = text.xcconfig; name = "Pods-MovieBank.release.xcconfig"; path = "Target Support Files/Pods-MovieBank/Pods-MovieBank.release.xcconfig"; sourceTree = "<group>"; };
		293B41E3DBB80504134BC92C /* Pods-MovieBankTests.release.xcconfig */ = {isa = PBXFileReference; includeInIndex = 1; lastKnownFileType = text.xcconfig; name = "Pods-MovieBankTests.release.xcconfig"; path = "Target Support Files/Pods-MovieBankTests/Pods-MovieBankTests.release.xcconfig"; sourceTree = "<group>"; };
		36CC4556922DF38838D6434F /* Pods_MovieBank.framework */ = {isa = PBXFileReference; explicitFileType = wrapper.framework; includeInIndex = 0; path = Pods_MovieBank.framework; sourceTree = BUILT_PRODUCTS_DIR; };
		69B832F6E060DA6E8EB31874 /* Pods_MovieBank_MovieBankUITests.framework */ = {isa = PBXFileReference; explicitFileType = wrapper.framework; includeInIndex = 0; path = Pods_MovieBank_MovieBankUITests.framework; sourceTree = BUILT_PRODUCTS_DIR; };
		6C1E1A38847372CA672AA314 /* Pods_MovieBankTests.framework */ = {isa = PBXFileReference; explicitFileType = wrapper.framework; includeInIndex = 0; path = Pods_MovieBankTests.framework; sourceTree = BUILT_PRODUCTS_DIR; };
		73FD7AA8048D79C6F9425AF6 /* Pods-MovieBank-MovieBankUITests.release.xcconfig */ = {isa = PBXFileReference; includeInIndex = 1; lastKnownFileType = text.xcconfig; name = "Pods-MovieBank-MovieBankUITests.release.xcconfig"; path = "Target Support Files/Pods-MovieBank-MovieBankUITests/Pods-MovieBank-MovieBankUITests.release.xcconfig"; sourceTree = "<group>"; };
		93B238A7D7ABCF9E19252EFC /* Pods-MovieBank.debug.xcconfig */ = {isa = PBXFileReference; includeInIndex = 1; lastKnownFileType = text.xcconfig; name = "Pods-MovieBank.debug.xcconfig"; path = "Target Support Files/Pods-MovieBank/Pods-MovieBank.debug.xcconfig"; sourceTree = "<group>"; };
		D1B79DA489BB20774D185EF3 /* Pods-MovieBank-MovieBankUITests.debug.xcconfig */ = {isa = PBXFileReference; includeInIndex = 1; lastKnownFileType = text.xcconfig; name = "Pods-MovieBank-MovieBankUITests.debug.xcconfig"; path = "Target Support Files/Pods-MovieBank-MovieBankUITests/Pods-MovieBank-MovieBankUITests.debug.xcconfig"; sourceTree = "<group>"; };
		FC03726B2F221E780025D631 /* MovieBank.app */ = {isa = PBXFileReference; explicitFileType = wrapper.application; includeInIndex = 0; path = MovieBank.app; sourceTree = BUILT_PRODUCTS_DIR; };
		FC0372812F221E7A0025D631 /* MovieBankTests.xctest */ = {isa = PBXFileReference; explicitFileType = wrapper.cfbundle; includeInIndex = 0; path = MovieBankTests.xctest; sourceTree = BUILT_PRODUCTS_DIR; };
		FC03728B2F221E7A0025D631 /* MovieBankUITests.xctest */ = {isa = PBXFileReference; explicitFileType = wrapper.cfbundle; includeInIndex = 0; path = MovieBankUITests.xctest; sourceTree = BUILT_PRODUCTS_DIR; };
/* End PBXFileReference section */

/* Begin PBXFileSystemSynchronizedBuildFileExceptionSet section */
		FC0372932F221E7A0025D631 /* Exceptions for "MovieBank" folder in "MovieBank" target */ = {
			isa = PBXFileSystemSynchronizedBuildFileExceptionSet;
			membershipExceptions = (
				Info.plist,
			);
			target = FC03726A2F221E780025D631 /* MovieBank */;
		};
/* End PBXFileSystemSynchronizedBuildFileExceptionSet section */

/* Begin PBXFileSystemSynchronizedRootGroup section */
		FC03726D2F221E780025D631 /* MovieBank */ = {
			isa = PBXFileSystemSynchronizedRootGroup;
			exceptions = (
				FC0372932F221E7A0025D631 /* Exceptions for "MovieBank" folder in "MovieBank" target */,
			);
			path = MovieBank;
			sourceTree = "<group>";
		};
		FC0372842F221E7A0025D631 /* moviebankTests */ = {
			isa = PBXFileSystemSynchronizedRootGroup;
			path = moviebankTests;
			sourceTree = "<group>";
		};
		FC03728E2F221E7A0025D631 /* moviebankUITests */ = {
			isa = PBXFileSystemSynchronizedRootGroup;
			path = moviebankUITests;
			sourceTree = "<group>";
		};
/* End PBXFileSystemSynchronizedRootGroup section */

/* Begin PBXFrameworksBuildPhase section */
		FC0372682F221E780025D631 /* Frameworks */ = {
			isa = PBXFrameworksBuildPhase;
			buildActionMask = 2147483647;
			files = (
				1C91440CDDB48CEC0124E46B /* Pods_MovieBank.framework in Frameworks */,
			);
			runOnlyForDeploymentPostprocessing = 0;
		};
		FC03727E2F221E7A0025D631 /* Frameworks */ = {
			isa = PBXFrameworksBuildPhase;
			buildActionMask = 2147483647;
			files = (
				24A6545C1DCFDFE86DC90718 /* Pods_MovieBankTests.framework in Frameworks */,
			);
			runOnlyForDeploymentPostprocessing = 0;
		};
		FC0372882F221E7A0025D631 /* Frameworks */ = {
			isa = PBXFrameworksBuildPhase;
			buildActionMask = 2147483647;
			files = (
				204390C36FEE0EE6CA7D1413 /* Pods_MovieBank_MovieBankUITests.framework in Frameworks */,
			);
			runOnlyForDeploymentPostprocessing = 0;
		};
/* End PBXFrameworksBuildPhase section */

/* Begin PBXGroup section */
		7B926B9DB7057E26A09C4538 /* Pods */ = {
			isa = PBXGroup;
			children = (
				93B238A7D7ABCF9E19252EFC /* Pods-MovieBank.debug.xcconfig */,
				1B28387C5E445AE0FB3D5AEA /* Pods-MovieBank.release.xcconfig */,
				D1B79DA489BB20774D185EF3 /* Pods-MovieBank-MovieBankUITests.debug.xcconfig */,
				73FD7AA8048D79C6F9425AF6 /* Pods-MovieBank-MovieBankUITests.release.xcconfig */,
				0336F9C92FE9A8AC49238E2E /* Pods-MovieBankTests.debug.xcconfig */,
				293B41E3DBB80504134BC92C /* Pods-MovieBankTests.release.xcconfig */,
			);
			path = Pods;
			sourceTree = "<group>";
		};
		BC4247630E6267A635982102 /* Frameworks */ = {
			isa = PBXGroup;
			children = (
				36CC4556922DF38838D6434F /* Pods_MovieBank.framework */,
				69B832F6E060DA6E8EB31874 /* Pods_MovieBank_MovieBankUITests.framework */,
				6C1E1A38847372CA672AA314 /* Pods_MovieBankTests.framework */,
			);
			name = Frameworks;
			sourceTree = "<group>";
		};
		FC0372622F221E780025D631 = {
			isa = PBXGroup;
			children = (
				FC03726D2F221E780025D631 /* MovieBank */,
				FC0372842F221E7A0025D631 /* moviebankTests */,
				FC03728E2F221E7A0025D631 /* moviebankUITests */,
				FC03726C2F221E780025D631 /* Products */,
				7B926B9DB7057E26A09C4538 /* Pods */,
				BC4247630E6267A635982102 /* Frameworks */,
			);
			sourceTree = "<group>";
		};
		FC03726C2F221E780025D631 /* Products */ = {
			isa = PBXGroup;
			children = (
				FC03726B2F221E780025D631 /* MovieBank.app */,
				FC0372812F221E7A0025D631 /* MovieBankTests.xctest */,
				FC03728B2F221E7A0025D631 /* MovieBankUITests.xctest */,
			);
			name = Products;
			sourceTree = "<group>";
		};
/* End PBXGroup section */

/* Begin PBXNativeTarget section */
		FC03726A2F221E780025D631 /* MovieBank */ = {
			isa = PBXNativeTarget;
			buildConfigurationList = FC0372942F221E7A0025D631 /* Build configuration list for PBXNativeTarget "MovieBank" */;
			buildPhases = (
				D87DF810314BAFDFB6081BC0 /* [CP] Check Pods Manifest.lock */,
				FC0372672F221E780025D631 /* Sources */,
				FC0372682F221E780025D631 /* Frameworks */,
				FC0372692F221E780025D631 /* Resources */,
				FE60E9B524CB0841B947BB83 /* [CP] Embed Pods Frameworks */,
			);
			buildRules = (
			);
			dependencies = (
			);
			fileSystemSynchronizedGroups = (
				FC03726D2F221E780025D631 /* MovieBank */,
			);
			name = MovieBank;
			productName = moviebank;
			productReference = FC03726B2F221E780025D631 /* MovieBank.app */;
			productType = "com.apple.product-type.application";
		};
		FC0372802F221E7A0025D631 /* MovieBankTests */ = {
			isa = PBXNativeTarget;
			buildConfigurationList = FC0372992F221E7A0025D631 /* Build configuration list for PBXNativeTarget "MovieBankTests" */;
			buildPhases = (
				14A58BDA209FECA3BE0CD2E5 /* [CP] Check Pods Manifest.lock */,
				FC03727D2F221E7A0025D631 /* Sources */,
				FC03727E2F221E7A0025D631 /* Frameworks */,
				FC03727F2F221E7A0025D631 /* Resources */,
			);
			buildRules = (
			);
			dependencies = (
				FC0372832F221E7A0025D631 /* PBXTargetDependency */,
			);
			fileSystemSynchronizedGroups = (
				FC0372842F221E7A0025D631 /* moviebankTests */,
			);
			name = MovieBankTests;
			productName = moviebankTests;
			productReference = FC0372812F221E7A0025D631 /* MovieBankTests.xctest */;
			productType = "com.apple.product-type.bundle.unit-test";
		};
		FC03728A2F221E7A0025D631 /* MovieBankUITests */ = {
			isa = PBXNativeTarget;
			buildConfigurationList = FC03729C2F221E7A0025D631 /* Build configuration list for PBXNativeTarget "MovieBankUITests" */;
			buildPhases = (
				F6EE92526F1D23928E08E9AB /* [CP] Check Pods Manifest.lock */,
				FC0372872F221E7A0025D631 /* Sources */,
				FC0372882F221E7A0025D631 /* Frameworks */,
				FC0372892F221E7A0025D631 /* Resources */,
				1B17BEBF4BB2E391558732D0 /* [CP] Embed Pods Frameworks */,
			);
			buildRules = (
			);
			dependencies = (
				FC03728D2F221E7A0025D631 /* PBXTargetDependency */,
			);
			fileSystemSynchronizedGroups = (
				FC03728E2F221E7A0025D631 /* moviebankUITests */,
			);
			name = MovieBankUITests;
			productName = moviebankUITests;
			productReference = FC03728B2F221E7A0025D631 /* MovieBankUITests.xctest */;
			productType = "com.apple.product-type.bundle.ui-testing";
		};
/* End PBXNativeTarget section */

/* Begin PBXProject section */
		FC0372632F221E780025D631 /* Project object */ = {
			isa = PBXProject;
			attributes = {
				BuildIndependentTargetsInParallel = 1;
				LastSwiftUpdateCheck = 1600;
				LastUpgradeCheck = 1600;
				TargetAttributes = {
					FC03726A2F221E780025D631 = {
						CreatedOnToolsVersion = 16.0;
					};
					FC0372802F221E7A0025D631 = {
						CreatedOnToolsVersion = 16.0;
						TestTargetID = FC03726A2F221E780025D631;
					};
					FC03728A2F221E7A0025D631 = {
						CreatedOnToolsVersion = 16.0;
						TestTargetID = FC03726A2F221E780025D631;
					};
				};
			};
			buildConfigurationList = FC0372662F221E780025D631 /* Build configuration list for PBXProject "MovieBank" */;
			developmentRegion = en;
			hasScannedForEncodings = 0;
			knownRegions = (
				en,
				Base,
			);
			mainGroup = FC0372622F221E780025D631;
			minimizedProjectReferenceProxies = 1;
			preferredProjectObjectVersion = 77;
			productRefGroup = FC03726C2F221E780025D631 /* Products */;
			projectDirPath = "";
			projectRoot = "";
			targets = (
				FC03726A2F221E780025D631 /* MovieBank */,
				FC0372802F221E7A0025D631 /* MovieBankTests */,
				FC03728A2F221E7A0025D631 /* MovieBankUITests */,
			);
		};
/* End PBXProject section */

/* Begin PBXResourcesBuildPhase section */
		FC0372692F221E780025D631 /* Resources */ = {
			isa = PBXResourcesBuildPhase;
			buildActionMask = 2147483647;
			files = (
			);
			runOnlyForDeploymentPostprocessing = 0;
		};
		FC03727F2F221E7A0025D631 /* Resources */ = {
			isa = PBXResourcesBuildPhase;
			buildActionMask = 2147483647;
			files = (
			);
			runOnlyForDeploymentPostprocessing = 0;
		};
		FC0372892F221E7A0025D631 /* Resources */ = {
			isa = PBXResourcesBuildPhase;
			buildActionMask = 2147483647;
			files = (
			);
			runOnlyForDeploymentPostprocessing = 0;
		};
/* End PBXResourcesBuildPhase section */

/* Begin PBXShellScriptBuildPhase section */
		14A58BDA209FECA3BE0CD2E5 /* [CP] Check Pods Manifest.lock */ = {
			isa = PBXShellScriptBuildPhase;
			buildActionMask = 2147483647;
			files = (
			);
			inputFileListPaths = (
			);
			inputPaths = (
				"${PODS_PODFILE_DIR_PATH}/Podfile.lock",
				"${PODS_ROOT}/Manifest.lock",
			);
			name = "[CP] Check Pods Manifest.lock";
			outputFileListPaths = (
			);
			outputPaths = (
				"$(DERIVED_FILE_DIR)/Pods-MovieBankTests-checkManifestLockResult.txt",
			);
			runOnlyForDeploymentPostprocessing = 0;
			shellPath = /bin/sh;
			shellScript = "diff \"${PODS_PODFILE_DIR_PATH}/Podfile.lock\" \"${PODS_ROOT}/Manifest.lock\" > /dev/null\nif [ $? != 0 ] ; then\n    # print error to STDERR\n    echo \"error: The sandbox is not in sync with the Podfile.lock. Run 'pod install' or update your CocoaPods installation.\" >&2\n    exit 1\nfi\n# This output is used by Xcode 'outputs' to avoid re-running this script phase.\necho \"SUCCESS\" > \"${SCRIPT_OUTPUT_FILE_0}\"\n";
			showEnvVarsInLog = 0;
		};
		1B17BEBF4BB2E391558732D0 /* [CP] Embed Pods Frameworks */ = {
			isa = PBXShellScriptBuildPhase;
			buildActionMask = 2147483647;
			files = (
			);
			inputFileListPaths = (
				"${PODS_ROOT}/Target Support Files/Pods-MovieBank-MovieBankUITests/Pods-MovieBank-MovieBankUITests-frameworks-${CONFIGURATION}-input-files.xcfilelist",
			);
			name = "[CP] Embed Pods Frameworks";
			outputFileListPaths = (
				"${PODS_ROOT}/Target Support Files/Pods-MovieBank-MovieBankUITests/Pods-MovieBank-MovieBankUITests-frameworks-${CONFIGURATION}-output-files.xcfilelist",
			);
			runOnlyForDeploymentPostprocessing = 0;
			shellPath = /bin/sh;
			shellScript = "\"${PODS_ROOT}/Target Support Files/Pods-MovieBank-MovieBankUITests/Pods-MovieBank-MovieBankUITests-frameworks.sh\"\n";
			showEnvVarsInLog = 0;
		};
		D87DF810314BAFDFB6081BC0 /* [CP] Check Pods Manifest.lock */ = {
			isa = PBXShellScriptBuildPhase;
			buildActionMask = 2147483647;
			files = (
			);
			inputFileListPaths = (
			);
			inputPaths = (
				"${PODS_PODFILE_DIR_PATH}/Podfile.lock",
				"${PODS_ROOT}/Manifest.lock",
			);
			name = "[CP] Check Pods Manifest.lock";
			outputFileListPaths = (
			);
			outputPaths = (
				"$(DERIVED_FILE_DIR)/Pods-MovieBank-checkManifestLockResult.txt",
			);
			runOnlyForDeploymentPostprocessing = 0;
			shellPath = /bin/sh;
			shellScript = "diff \"${PODS_PODFILE_DIR_PATH}/Podfile.lock\" \"${PODS_ROOT}/Manifest.lock\" > /dev/null\nif [ $? != 0 ] ; then\n    # print error to STDERR\n    echo \"error: The sandbox is not in sync with the Podfile.lock. Run 'pod install' or update your CocoaPods installation.\" >&2\n    exit 1\nfi\n# This output is used by Xcode 'outputs' to avoid re-running this script phase.\necho \"SUCCESS\" > \"${SCRIPT_OUTPUT_FILE_0}\"\n";
			showEnvVarsInLog = 0;
		};
		F6EE92526F1D23928E08E9AB /* [CP] Check Pods Manifest.lock */ = {
			isa = PBXShellScriptBuildPhase;
			buildActionMask = 2147483647;
			files = (
			);
			inputFileListPaths = (
			);
			inputPaths = (
				"${PODS_PODFILE_DIR_PATH}/Podfile.lock",
				"${PODS_ROOT}/Manifest.lock",
			);
			name = "[CP] Check Pods Manifest.lock";
			outputFileListPaths = (
			);
			outputPaths = (
				"$(DERIVED_FILE_DIR)/Pods-MovieBank-MovieBankUITests-checkManifestLockResult.txt",
			);
			runOnlyForDeploymentPostprocessing = 0;
			shellPath = /bin/sh;
			shellScript = "diff \"${PODS_PODFILE_DIR_PATH}/Podfile.lock\" \"${PODS_ROOT}/Manifest.lock\" > /dev/null\nif [ $? != 0 ] ; then\n    # print error to STDERR\n    echo \"error: The sandbox is not in sync with the Podfile.lock. Run 'pod install' or update your CocoaPods installation.\" >&2\n    exit 1\nfi\n# This output is used by Xcode 'outputs' to avoid re-running this script phase.\necho \"SUCCESS\" > \"${SCRIPT_OUTPUT_FILE_0}\"\n";
			showEnvVarsInLog = 0;
		};
		FE60E9B524CB0841B947BB83 /* [CP] Embed Pods Frameworks */ = {
			isa = PBXShellScriptBuildPhase;
			buildActionMask = 2147483647;
			files = (
			);
			inputFileListPaths = (
				"${PODS_ROOT}/Target Support Files/Pods-MovieBank/Pods-MovieBank-frameworks-${CONFIGURATION}-input-files.xcfilelist",
			);
			name = "[CP] Embed Pods Frameworks";
			outputFileListPaths = (
				"${PODS_ROOT}/Target Support Files/Pods-MovieBank/Pods-MovieBank-frameworks-${CONFIGURATION}-output-files.xcfilelist",
			);
			runOnlyForDeploymentPostprocessing = 0;
			shellPath = /bin/sh;
			shellScript = "\"${PODS_ROOT}/Target Support Files/Pods-MovieBank/Pods-MovieBank-frameworks.sh\"\n";
			showEnvVarsInLog = 0;
		};
/* End PBXShellScriptBuildPhase section */

/* Begin PBXSourcesBuildPhase section */
		FC0372672F221E780025D631 /* Sources */ = {
			isa = PBXSourcesBuildPhase;
			buildActionMask = 2147483647;
			files = (
			);
			runOnlyForDeploymentPostprocessing = 0;
		};
		FC03727D2F221E7A0025D631 /* Sources */ = {
			isa = PBXSourcesBuildPhase;
			buildActionMask = 2147483647;
			files = (
			);
			runOnlyForDeploymentPostprocessing = 0;
		};
		FC0372872F221E7A0025D631 /* Sources */ = {
			isa = PBXSourcesBuildPhase;
			buildActionMask = 2147483647;
			files = (
			);
			runOnlyForDeploymentPostprocessing = 0;
		};
/* End PBXSourcesBuildPhase section */

/* Begin PBXTargetDependency section */
		FC0372832F221E7A0025D631 /* PBXTargetDependency */ = {
			isa = PBXTargetDependency;
			target = FC03726A2F221E780025D631 /* MovieBank */;
			targetProxy = FC0372822F221E7A0025D631 /* PBXContainerItemProxy */;
		};
		FC03728D2F221E7A0025D631 /* PBXTargetDependency */ = {
			isa = PBXTargetDependency;
			target = FC03726A2F221E780025D631 /* MovieBank */;
			targetProxy = FC03728C2F221E7A0025D631 /* PBXContainerItemProxy */;
		};
/* End PBXTargetDependency section */

/* Begin XCBuildConfiguration section */
		FC0372952F221E7A0025D631 /* Debug */ = {
			isa = XCBuildConfiguration;
			baseConfigurationReference = 93B238A7D7ABCF9E19252EFC /* Pods-MovieBank.debug.xcconfig */;
			buildSettings = {
				ASSETCATALOG_COMPILER_APPICON_NAME = AppIcon;
				ASSETCATALOG_COMPILER_GLOBAL_ACCENT_COLOR_NAME = AccentColor;
				ASSETCATALOG_COMPILER_INCLUDE_ALL_APPICON_ASSETS = NO;
				CODE_SIGN_STYLE = Automatic;
				CURRENT_PROJECT_VERSION = 1;
				DEVELOPMENT_TEAM = YYAK797Q66;
				ENABLE_USER_SCRIPT_SANDBOXING = NO;
				GENERATE_INFOPLIST_FILE = YES;
				INFOPLIST_FILE = moviebank/Info.plist;
				INFOPLIST_KEY_CFBundleDisplayName = "Movie Bank";
				INFOPLIST_KEY_LSApplicationCategoryType = "public.app-category.entertainment";
				INFOPLIST_KEY_UIApplicationSupportsIndirectInputEvents = YES;
				INFOPLIST_KEY_UILaunchStoryboardName = LaunchScreen;
				INFOPLIST_KEY_UISupportedInterfaceOrientations_iPad = "UIInterfaceOrientationPortrait UIInterfaceOrientationPortraitUpsideDown UIInterfaceOrientationLandscapeLeft UIInterfaceOrientationLandscapeRight";
				INFOPLIST_KEY_UISupportedInterfaceOrientations_iPhone = "UIInterfaceOrientationPortrait UIInterfaceOrientationLandscapeLeft UIInterfaceOrientationLandscapeRight";
				IPHONEOS_DEPLOYMENT_TARGET = 16.6;
				LD_RUNPATH_SEARCH_PATHS = (
					"$(inherited)",
					"@executable_path/Frameworks",
				);
				MARKETING_VERSION = 1.0.0;
				PRODUCT_BUNDLE_IDENTIFIER = com.rahmaag.moviebank;
				PRODUCT_NAME = "$(TARGET_NAME)";
				SWIFT_EMIT_LOC_STRINGS = YES;
				SWIFT_VERSION = 5.0;
				TARGETED_DEVICE_FAMILY = "1,2";
			};
			name = Debug;
		};
		FC0372962F221E7A0025D631 /* Release */ = {
			isa = XCBuildConfiguration;
			baseConfigurationReference = 1B28387C5E445AE0FB3D5AEA /* Pods-MovieBank.release.xcconfig */;
			buildSettings = {
				ASSETCATALOG_COMPILER_APPICON_NAME = AppIcon;
				ASSETCATALOG_COMPILER_GLOBAL_ACCENT_COLOR_NAME = AccentColor;
				ASSETCATALOG_COMPILER_INCLUDE_ALL_APPICON_ASSETS = NO;
				CODE_SIGN_STYLE = Automatic;
				CURRENT_PROJECT_VERSION = 1;
				DEVELOPMENT_TEAM = YYAK797Q66;
				ENABLE_USER_SCRIPT_SANDBOXING = NO;
				GENERATE_INFOPLIST_FILE = YES;
				INFOPLIST_FILE = moviebank/Info.plist;
				INFOPLIST_KEY_CFBundleDisplayName = "Movie Bank";
				INFOPLIST_KEY_LSApplicationCategoryType = "public.app-category.entertainment";
				INFOPLIST_KEY_UIApplicationSupportsIndirectInputEvents = YES;
				INFOPLIST_KEY_UILaunchStoryboardName = LaunchScreen;
				INFOPLIST_KEY_UISupportedInterfaceOrientations_iPad = "UIInterfaceOrientationPortrait UIInterfaceOrientationPortraitUpsideDown UIInterfaceOrientationLandscapeLeft UIInterfaceOrientationLandscapeRight";
				INFOPLIST_KEY_UISupportedInterfaceOrientations_iPhone = "UIInterfaceOrientationPortrait UIInterfaceOrientationLandscapeLeft UIInterfaceOrientationLandscapeRight";
				IPHONEOS_DEPLOYMENT_TARGET = 16.6;
				LD_RUNPATH_SEARCH_PATHS = (
					"$(inherited)",
					"@executable_path/Frameworks",
				);
				MARKETING_VERSION = 1.0.0;
				PRODUCT_BUNDLE_IDENTIFIER = com.rahmaag.moviebank;
				PRODUCT_NAME = "$(TARGET_NAME)";
				SWIFT_EMIT_LOC_STRINGS = YES;
				SWIFT_VERSION = 5.0;
				TARGETED_DEVICE_FAMILY = "1,2";
			};
			name = Release;
		};
		FC0372972F221E7A0025D631 /* Debug */ = {
			isa = XCBuildConfiguration;
			buildSettings = {
				ALWAYS_SEARCH_USER_PATHS = NO;
				ASSETCATALOG_COMPILER_GENERATE_SWIFT_ASSET_SYMBOL_EXTENSIONS = YES;
				CLANG_ANALYZER_NONNULL = YES;
				CLANG_ANALYZER_NUMBER_OBJECT_CONVERSION = YES_AGGRESSIVE;
				CLANG_CXX_LANGUAGE_STANDARD = "gnu++20";
				CLANG_ENABLE_MODULES = YES;
				CLANG_ENABLE_OBJC_ARC = YES;
				CLANG_ENABLE_OBJC_WEAK = YES;
				CLANG_WARN_BLOCK_CAPTURE_AUTORELEASING = YES;
				CLANG_WARN_BOOL_CONVERSION = YES;
				CLANG_WARN_COMMA = YES;
				CLANG_WARN_CONSTANT_CONVERSION = YES;
				CLANG_WARN_DEPRECATED_OBJC_IMPLEMENTATIONS = YES;
				CLANG_WARN_DIRECT_OBJC_ISA_USAGE = YES_ERROR;
				CLANG_WARN_DOCUMENTATION_COMMENTS = YES;
				CLANG_WARN_EMPTY_BODY = YES;
				CLANG_WARN_ENUM_CONVERSION = YES;
				CLANG_WARN_INFINITE_RECURSION = YES;
				CLANG_WARN_INT_CONVERSION = YES;
				CLANG_WARN_NON_LITERAL_NULL_CONVERSION = YES;
				CLANG_WARN_OBJC_IMPLICIT_RETAIN_SELF = YES;
				CLANG_WARN_OBJC_LITERAL_CONVERSION = YES;
				CLANG_WARN_OBJC_ROOT_CLASS = YES_ERROR;
				CLANG_WARN_QUOTED_INCLUDE_IN_FRAMEWORK_HEADER = YES;
				CLANG_WARN_RANGE_LOOP_ANALYSIS = YES;
				CLANG_WARN_STRICT_PROTOTYPES = YES;
				CLANG_WARN_SUSPICIOUS_MOVE = YES;
				CLANG_WARN_UNGUARDED_AVAILABILITY = YES_AGGRESSIVE;
				CLANG_WARN_UNREACHABLE_CODE = YES;
				CLANG_WARN__DUPLICATE_METHOD_MATCH = YES;
				COPY_PHASE_STRIP = NO;
				DEBUG_INFORMATION_FORMAT = dwarf;
				ENABLE_STRICT_OBJC_MSGSEND = YES;
				ENABLE_TESTABILITY = YES;
				ENABLE_USER_SCRIPT_SANDBOXING = YES;
				GCC_C_LANGUAGE_STANDARD = gnu17;
				GCC_DYNAMIC_NO_PIC = NO;
				GCC_NO_COMMON_BLOCKS = YES;
				GCC_OPTIMIZATION_LEVEL = 0;
				GCC_PREPROCESSOR_DEFINITIONS = (
					"DEBUG=1",
					"$(inherited)",
				);
				GCC_WARN_64_TO_32_BIT_CONVERSION = YES;
				GCC_WARN_ABOUT_RETURN_TYPE = YES_ERROR;
				GCC_WARN_UNDECLARED_SELECTOR = YES;
				GCC_WARN_UNINITIALIZED_AUTOS = YES_AGGRESSIVE;
				GCC_WARN_UNUSED_FUNCTION = YES;
				GCC_WARN_UNUSED_VARIABLE = YES;
				IPHONEOS_DEPLOYMENT_TARGET = 18.0;
				LOCALIZATION_PREFERS_STRING_CATALOGS = YES;
				MTL_ENABLE_DEBUG_INFO = INCLUDE_SOURCE;
				MTL_FAST_MATH = YES;
				ONLY_ACTIVE_ARCH = YES;
				SDKROOT = iphoneos;
				SWIFT_ACTIVE_COMPILATION_CONDITIONS = "DEBUG $(inherited)";
				SWIFT_OPTIMIZATION_LEVEL = "-Onone";
			};
			name = Debug;
		};
		FC0372982F221E7A0025D631 /* Release */ = {
			isa = XCBuildConfiguration;
			buildSettings = {
				ALWAYS_SEARCH_USER_PATHS = NO;
				ASSETCATALOG_COMPILER_GENERATE_SWIFT_ASSET_SYMBOL_EXTENSIONS = YES;
				CLANG_ANALYZER_NONNULL = YES;
				CLANG_ANALYZER_NUMBER_OBJECT_CONVERSION = YES_AGGRESSIVE;
				CLANG_CXX_LANGUAGE_STANDARD = "gnu++20";
				CLANG_ENABLE_MODULES = YES;
				CLANG_ENABLE_OBJC_ARC = YES;
				CLANG_ENABLE_OBJC_WEAK = YES;
				CLANG_WARN_BLOCK_CAPTURE_AUTORELEASING = YES;
				CLANG_WARN_BOOL_CONVERSION = YES;
				CLANG_WARN_COMMA = YES;
				CLANG_WARN_CONSTANT_CONVERSION = YES;
				CLANG_WARN_DEPRECATED_OBJC_IMPLEMENTATIONS = YES;
				CLANG_WARN_DIRECT_OBJC_ISA_USAGE = YES_ERROR;
				CLANG_WARN_DOCUMENTATION_COMMENTS = YES;
				CLANG_WARN_EMPTY_BODY = YES;
				CLANG_WARN_ENUM_CONVERSION = YES;
				CLANG_WARN_INFINITE_RECURSION = YES;
				CLANG_WARN_INT_CONVERSION = YES;
				CLANG_WARN_NON_LITERAL_NULL_CONVERSION = YES;
				CLANG_WARN_OBJC_IMPLICIT_RETAIN_SELF = YES;
				CLANG_WARN_OBJC_LITERAL_CONVERSION = YES;
				CLANG_WARN_OBJC_ROOT_CLASS = YES_ERROR;
				CLANG_WARN_QUOTED_INCLUDE_IN_FRAMEWORK_HEADER = YES;
				CLANG_WARN_RANGE_LOOP_ANALYSIS = YES;
				CLANG_WARN_STRICT_PROTOTYPES = YES;
				CLANG_WARN_SUSPICIOUS_MOVE = YES;
				CLANG_WARN_UNGUARDED_AVAILABILITY = YES_AGGRESSIVE;
				CLANG_WARN_UNREACHABLE_CODE = YES;
				CLANG_WARN__DUPLICATE_METHOD_MATCH = YES;
				COPY_PHASE_STRIP = NO;
				DEBUG_INFORMATION_FORMAT = "dwarf-with-dsym";
				ENABLE_NS_ASSERTIONS = NO;
				ENABLE_STRICT_OBJC_MSGSEND = YES;
				ENABLE_USER_SCRIPT_SANDBOXING = YES;
				GCC_C_LANGUAGE_STANDARD = gnu17;
				GCC_NO_COMMON_BLOCKS = YES;
				GCC_WARN_64_TO_32_BIT_CONVERSION = YES;
				GCC_WARN_ABOUT_RETURN_TYPE = YES_ERROR;
				GCC_WARN_UNDECLARED_SELECTOR = YES;
				GCC_WARN_UNINITIALIZED_AUTOS = YES_AGGRESSIVE;
				GCC_WARN_UNUSED_FUNCTION = YES;
				GCC_WARN_UNUSED_VARIABLE = YES;
				IPHONEOS_DEPLOYMENT_TARGET = 18.0;
				LOCALIZATION_PREFERS_STRING_CATALOGS = YES;
				MTL_ENABLE_DEBUG_INFO = NO;
				MTL_FAST_MATH = YES;
				SDKROOT = iphoneos;
				SWIFT_COMPILATION_MODE = wholemodule;
				VALIDATE_PRODUCT = YES;
			};
			name = Release;
		};
		FC03729A2F221E7A0025D631 /* Debug */ = {
			isa = XCBuildConfiguration;
			baseConfigurationReference = 0336F9C92FE9A8AC49238E2E /* Pods-MovieBankTests.debug.xcconfig */;
			buildSettings = {
				BUNDLE_LOADER = "$(TEST_HOST)";
				CODE_SIGN_STYLE = Automatic;
				CURRENT_PROJECT_VERSION = 1;
				GENERATE_INFOPLIST_FILE = YES;
				IPHONEOS_DEPLOYMENT_TARGET = 18.0;
				MARKETING_VERSION = 1.0;
				PRODUCT_BUNDLE_IDENTIFIER = com.rahmaag.moviebankTests;
				PRODUCT_NAME = "$(TARGET_NAME)";
				SWIFT_EMIT_LOC_STRINGS = NO;
				SWIFT_VERSION = 5.0;
				TARGETED_DEVICE_FAMILY = "1,2";
				TEST_HOST = "$(BUILT_PRODUCTS_DIR)/MovieBank.app/$(BUNDLE_EXECUTABLE_FOLDER_PATH)/MovieBank";
			};
			name = Debug;
		};
		FC03729B2F221E7A0025D631 /* Release */ = {
			isa = XCBuildConfiguration;
			baseConfigurationReference = 293B41E3DBB80504134BC92C /* Pods-MovieBankTests.release.xcconfig */;
			buildSettings = {
				BUNDLE_LOADER = "$(TEST_HOST)";
				CODE_SIGN_STYLE = Automatic;
				CURRENT_PROJECT_VERSION = 1;
				GENERATE_INFOPLIST_FILE = YES;
				IPHONEOS_DEPLOYMENT_TARGET = 18.0;
				MARKETING_VERSION = 1.0;
				PRODUCT_BUNDLE_IDENTIFIER = com.rahmaag.moviebankTests;
				PRODUCT_NAME = "$(TARGET_NAME)";
				SWIFT_EMIT_LOC_STRINGS = NO;
				SWIFT_VERSION = 5.0;
				TARGETED_DEVICE_FAMILY = "1,2";
				TEST_HOST = "$(BUILT_PRODUCTS_DIR)/MovieBank.app/$(BUNDLE_EXECUTABLE_FOLDER_PATH)/MovieBank";
			};
			name = Release;
		};
		FC03729D2F221E7A0025D631 /* Debug */ = {
			isa = XCBuildConfiguration;
			baseConfigurationReference = D1B79DA489BB20774D185EF3 /* Pods-MovieBank-MovieBankUITests.debug.xcconfig */;
			buildSettings = {
				CODE_SIGN_STYLE = Automatic;
				CURRENT_PROJECT_VERSION = 1;
				GENERATE_INFOPLIST_FILE = YES;
				MARKETING_VERSION = 1.0;
				PRODUCT_BUNDLE_IDENTIFIER = com.rahmaag.moviebankUITests;
				PRODUCT_NAME = "$(TARGET_NAME)";
				SWIFT_EMIT_LOC_STRINGS = NO;
				SWIFT_VERSION = 5.0;
				TARGETED_DEVICE_FAMILY = "1,2";
				TEST_TARGET_NAME = moviebank;
			};
			name = Debug;
		};
		FC03729E2F221E7A0025D631 /* Release */ = {
			isa = XCBuildConfiguration;
			baseConfigurationReference = 73FD7AA8048D79C6F9425AF6 /* Pods-MovieBank-MovieBankUITests.release.xcconfig */;
			buildSettings = {
				CODE_SIGN_STYLE = Automatic;
				CURRENT_PROJECT_VERSION = 1;
				GENERATE_INFOPLIST_FILE = YES;
				MARKETING_VERSION = 1.0;
				PRODUCT_BUNDLE_IDENTIFIER = com.rahmaag.moviebankUITests;
				PRODUCT_NAME = "$(TARGET_NAME)";
				SWIFT_EMIT_LOC_STRINGS = NO;
				SWIFT_VERSION = 5.0;
				TARGETED_DEVICE_FAMILY = "1,2";
				TEST_TARGET_NAME = moviebank;
			};
			name = Release;
		};
/* End XCBuildConfiguration section */

/* Begin XCConfigurationList section */
		FC0372662F221E780025D631 /* Build configuration list for PBXProject "MovieBank" */ = {
			isa = XCConfigurationList;
			buildConfigurations = (
				FC0372972F221E7A0025D631 /* Debug */,
				FC0372982F221E7A0025D631 /* Release */,
			);
			defaultConfigurationIsVisible = 0;
			defaultConfigurationName = Release;
		};
		FC0372942F221E7A0025D631 /* Build configuration list for PBXNativeTarget "MovieBank" */ = {
			isa = XCConfigurationList;
			buildConfigurations = (
				FC0372952F221E7A0025D631 /* Debug */,
				FC0372962F221E7A0025D631 /* Release */,
			);
			defaultConfigurationIsVisible = 0;
			defaultConfigurationName = Release;
		};
		FC0372992F221E7A0025D631 /* Build configuration list for PBXNativeTarget "MovieBankTests" */ = {
			isa = XCConfigurationList;
			buildConfigurations = (
				FC03729A2F221E7A0025D631 /* Debug */,
				FC03729B2F221E7A0025D631 /* Release */,
			);
			defaultConfigurationIsVisible = 0;
			defaultConfigurationName = Release;
		};
		FC03729C2F221E7A0025D631 /* Build configuration list for PBXNativeTarget "MovieBankUITests" */ = {
			isa = XCConfigurationList;
			buildConfigurations = (
				FC03729D2F221E7A0025D631 /* Debug */,
				FC03729E2F221E7A0025D631 /* Release */,
			);
			defaultConfigurationIsVisible = 0;
			defaultConfigurationName = Release;
		};
/* End XCConfigurationList section */
	};
	rootObject = FC0372632F221E780025D631 /* Project object */;
}
